
Microsoft Visual Studio Solution File, Format Version 12.00
# Visual Studio Version 16
VisualStudioVersion = 16.0.29911.84
MinimumVisualStudioVersion = 10.0.40219.1
Project("{FAE04EC0-301F-11D3-BF4B-00C04F79EFBC}") = "ArtigoEmailNotificationAzure.API", "ArtigoEmailNotificationAzure.API\ArtigoEmailNotificationAzure.API.csproj", "{1D61CE8D-BA64-4F34-AC51-23144D9A6B98}"
EndProject
Global
	GlobalSection(SolutionConfigurationPlatforms) = preSolution
		Debug|Any CPU = Debug|Any CPU
		Release|Any CPU = Release|Any CPU
	EndGlobalSection
	GlobalSection(ProjectConfigurationPlatforms) = postSolution
		{1D61CE8D-BA64-4F34-AC51-23144D9A6B98}.Debug|Any CPU.ActiveCfg = Debug|Any CPU
		{1D61CE8D-BA64-4F34-AC51-23144D9A6B98}.Debug|Any CPU.Build.0 = Debug|Any CPU
		{1D61CE8D-BA64-4F34-AC51-23144D9A6B98}.Release|Any CPU.ActiveCfg = Release|Any CPU
		{1D61CE8D-BA64-4F34-AC51-23144D9A6B98}.Release|Any CPU.Build.0 = Release|Any CPU
	EndGlobalSection
	GlobalSection(SolutionProperties) = preSolution
		HideSolutionNode = FALSE
	EndGlobalSection
	GlobalSection(ExtensibilityGlobals) = postSolution
		SolutionGuid = {72EEEF5D-518F-499C-836E-562363B2C103}
	EndGlobalSection
EndGlobal
